
Microsoft Visual Studio Solution File, Format Version 12.00
# Visual Studio Version 17
VisualStudioVersion = 17.5.33502.453
MinimumVisualStudioVersion = 10.0.40219.1
Project("{FAE04EC0-301F-11D3-BF4B-00C04F79EFBC}") = "Jeu_Du_Pendu", "Jeu_Du_Pendu.csproj", "{7A54E955-FA82-4256-8369-574BC55006EA}"
EndProject
Global
	GlobalSection(SolutionConfigurationPlatforms) = preSolution
		Debug|Any CPU = Debug|Any CPU
		Release|Any CPU = Release|Any CPU
	EndGlobalSection
	GlobalSection(ProjectConfigurationPlatforms) = postSolution
		{7A54E955-FA82-4256-8369-574BC55006EA}.Debug|Any CPU.ActiveCfg = Debug|Any CPU
		{7A54E955-FA82-4256-8369-574BC55006EA}.Debug|Any CPU.Build.0 = Debug|Any CPU
		{7A54E955-FA82-4256-8369-574BC55006EA}.Release|Any CPU.ActiveCfg = Release|Any CPU
		{7A54E955-FA82-4256-8369-574BC55006EA}.Release|Any CPU.Build.0 = Release|Any CPU
	EndGlobalSection
	GlobalSection(SolutionProperties) = preSolution
		HideSolutionNode = FALSE
	EndGlobalSection
	GlobalSection(ExtensibilityGlobals) = postSolution
		SolutionGuid = {7349A44A-74B1-46D9-BF62-8F16AFB98C22}
	EndGlobalSection
EndGlobal
